
Microsoft Visual Studio Solution File, Format Version 12.00
# Visual Studio Version 16
VisualStudioVersion = 16.6.30114.105
MinimumVisualStudioVersion = 10.0.40219.1
Project("{2150E333-8FDC-42A3-9474-1A3956D46DE8}") = "src", "src", "{015E9714-AEFB-4DE4-BEA5-2FA9B561F55F}"
EndProject
Project("{9A19103F-16F7-4668-BE54-9A1E7A4F7556}") = "SessionApi", "src\SessionApi\SessionApi.csproj", "{1B426851-5F2A-4EEF-B714-3076245BB766}"
EndProject
Project("{2150E333-8FDC-42A3-9474-1A3956D46DE8}") = "Solution Items", "Solution Items", "{D6BA5F39-AD7A-4B72-B437-BB52754DEC0F}"
	ProjectSection(SolutionItems) = preProject
		README.md = README.md
	EndProjectSection
EndProject
Global
	GlobalSection(SolutionConfigurationPlatforms) = preSolution
		Debug|Any CPU = Debug|Any CPU
		Release|Any CPU = Release|Any CPU
	EndGlobalSection
	GlobalSection(ProjectConfigurationPlatforms) = postSolution
		{1B426851-5F2A-4EEF-B714-3076245BB766}.Debug|Any CPU.ActiveCfg = Debug|Any CPU
		{1B426851-5F2A-4EEF-B714-3076245BB766}.Debug|Any CPU.Build.0 = Debug|Any CPU
		{1B426851-5F2A-4EEF-B714-3076245BB766}.Release|Any CPU.ActiveCfg = Release|Any CPU
		{1B426851-5F2A-4EEF-B714-3076245BB766}.Release|Any CPU.Build.0 = Release|Any CPU
	EndGlobalSection
	GlobalSection(SolutionProperties) = preSolution
		HideSolutionNode = FALSE
	EndGlobalSection
	GlobalSection(NestedProjects) = preSolution
		{1B426851-5F2A-4EEF-B714-3076245BB766} = {015E9714-AEFB-4DE4-BEA5-2FA9B561F55F}
	EndGlobalSection
	GlobalSection(ExtensibilityGlobals) = postSolution
		SolutionGuid = {25713E40-B687-4C45-88EC-653269FA4D21}
	EndGlobalSection
EndGlobal
